
Microsoft Visual Studio Solution File, Format Version 12.00
# Visual Studio 15
VisualStudioVersion = 15.0.27428.2037
MinimumVisualStudioVersion = 10.0.40219.1
Project("{9A19103F-16F7-4668-BE54-9A1E7A4F7556}") = "The_Architect", "The_Architect\The_Architect.csproj", "{53F2A314-EA38-4A71-BB55-2EF8448C4EA5}"
EndProject
Global
	GlobalSection(SolutionConfigurationPlatforms) = preSolution
		Debug|Any CPU = Debug|Any CPU
		Release|Any CPU = Release|Any CPU
	EndGlobalSection
	GlobalSection(ProjectConfigurationPlatforms) = postSolution
		{53F2A314-EA38-4A71-BB55-2EF8448C4EA5}.Debug|Any CPU.ActiveCfg = Debug|Any CPU
		{53F2A314-EA38-4A71-BB55-2EF8448C4EA5}.Debug|Any CPU.Build.0 = Debug|Any CPU
		{53F2A314-EA38-4A71-BB55-2EF8448C4EA5}.Release|Any CPU.ActiveCfg = Release|Any CPU
		{53F2A314-EA38-4A71-BB55-2EF8448C4EA5}.Release|Any CPU.Build.0 = Release|Any CPU
	EndGlobalSection
	GlobalSection(SolutionProperties) = preSolution
		HideSolutionNode = FALSE
	EndGlobalSection
	GlobalSection(ExtensibilityGlobals) = postSolution
		SolutionGuid = {9FD62E6F-C14E-4513-BED5-B41FECFBBA37}
	EndGlobalSection
	GlobalSection(TeamFoundationVersionControl) = preSolution
		SccNumberOfProjects = 2
		SccEnterpriseProvider = {4CA58AB2-18FA-4F8D-95D4-32DDF27D184C}
		SccTeamFoundationServer = https://widowclanproject.visualstudio.com/
		SccLocalPath0 = .
		SccProjectUniqueName1 = The_Architect\\The_Architect.csproj
		SccProjectName1 = The_Architect
		SccLocalPath1 = The_Architect
	EndGlobalSection
EndGlobal
